Microsoft Visual Studio Solution File, Format Version 12.00
# Visual Studio Version 17
VisualStudioVersion = 17.0.32112.339
MinimumVisualStudioVersion = 10.0.40219.1
Project("{9A19103F-16F7-4668-BE54-9A1E7A4F7556}") = "NextGenSoftware.Holochain.HoloNET.Client.TestHarness", "NextGenSoftware.Holochain.HoloNET.Client.TestHarness\NextGenSoftware.Holochain.HoloNET.Client.TestHarness.csproj", "{BD7ED37D-38B0-4EB9-AA71-C8733CCFE215}"
EndProject
Project("{9A19103F-16F7-4668-BE54-9A1E7A4F7556}") = "NextGenSoftware.CLI.Engine", "..\NextGenSoftware-Libraries\NextGenSoftware Libraries\NextGenSoftware.CLI.Engine\NextGenSoftware.CLI.Engine.csproj", "{426F7BCF-4725-465D-A958-954081B494F6}"
EndProject
Project("{9A19103F-16F7-4668-BE54-9A1E7A4F7556}") = "NextGenSoftware.Logging.NLog", "..\NextGenSoftware-Libraries\NextGenSoftware Libraries\NextGenSoftware.Logging.NLog\NextGenSoftware.Logging.NLog.csproj", "{753CBE4B-FAC5-4289-8C92-1ECF10CD2075}"
EndProject
Project("{2150E333-8FDC-42A3-9474-1A3956D46DE8}") = "Templates", "Templates", "{6A6A8C26-11FE-4F40-B401-F95C7A672F4D}"
EndProject
Project("{9A19103F-16F7-4668-BE54-9A1E7A4F7556}") = "NextGenSoftware.Holochain.HoloNET.Templates.MAUI", "NextGenSoftware.Holochain.HoloNET.Templates.MAUI\NextGenSoftware.Holochain.HoloNET.Templates.MAUI.csproj", "{63D18968-6876-40ED-8250-6A080BE2DE4D}"
EndProject
Project("{9A19103F-16F7-4668-BE54-9A1E7A4F7556}") = "NextGenSoftware.Holochain.HoloNET.Templates.MAUIBlazor", "NextGenSoftware.Holochain.HoloNET.Templates.MAUIBlazor\NextGenSoftware.Holochain.HoloNET.Templates.MAUIBlazor.csproj", "{01EE3418-09AB-48B4-8F55-A28EEEFB389D}"
EndProject
Project("{9A19103F-16F7-4668-BE54-9A1E7A4F7556}") = "NextGenSoftware.Holochain.HoloNET.Templates.WinForms", "NextGenSoftware.Holochain.HoloNET.Templates.WinForms\NextGenSoftware.Holochain.HoloNET.Templates.WinForms.csproj", "{090F226A-A2CE-4703-8EBA-20F8AE9FCB4C}"
EndProject
Project("{9A19103F-16F7-4668-BE54-9A1E7A4F7556}") = "UnoApp", "UnoApp\UnoApp\UnoApp.csproj", "{BD6BC365-19A8-4E53-B65F-1E20DDD0695D}"
EndProject
Project("{9A19103F-16F7-4668-BE54-9A1E7A4F7556}") = "UnoApp.Base", "UnoApp\UnoApp.Base\UnoApp.Base.csproj", "{8F3DFA68-B0F2-4C39-991E-A62D7C7414B0}"
EndProject
Project("{9A19103F-16F7-4668-BE54-9A1E7A4F7556}") = "UnoApp.Server", "UnoApp\UnoApp.Server\UnoApp.Server.csproj", "{09CC316A-BE53-4ED3-A10D-F104FB40E047}"
EndProject
Project("{9A19103F-16F7-4668-BE54-9A1E7A4F7556}") = "UnoApp.DataContracts", "UnoApp\UnoApp.DataContracts\UnoApp.DataContracts.csproj", "{EE91A085-F4BA-4E90-A174-D34709A0290D}"
EndProject
Project("{9A19103F-16F7-4668-BE54-9A1E7A4F7556}") = "UnoApp.MauiControls", "UnoApp\UnoApp.MauiControls\UnoApp.MauiControls.csproj", "{794C6D6A-0F4C-40D1-95C3-CEF2447E1AB8}"
EndProject
Project("{9A19103F-16F7-4668-BE54-9A1E7A4F7556}") = "UnoApp.Tests", "UnoApp\UnoApp.Tests\UnoApp.Tests.csproj", "{22815C3F-37B2-4F41-9CE5-154661566D8D}"
EndProject
Project("{9A19103F-16F7-4668-BE54-9A1E7A4F7556}") = "UnoApp.UITests", "UnoApp\UnoApp.UITests\UnoApp.UITests.csproj", "{202EACBE-05CA-4B9A-980B-A52F3DF30164}"
EndProject
Project("{9A19103F-16F7-4668-BE54-9A1E7A4F7556}") = "UnoApp.Mobile", "UnoApp\UnoApp.Mobile\UnoApp.Mobile.csproj", "{762453E0-5A85-417D-A8BC-63E248017819}"
EndProject
Project("{9A19103F-16F7-4668-BE54-9A1E7A4F7556}") = "UnoApp.Windows", "UnoApp\UnoApp.Windows\UnoApp.Windows.csproj", "{CC6DA776-A3A2-46A6-BE1D-FF978C9D6D81}"
EndProject
Project("{9A19103F-16F7-4668-BE54-9A1E7A4F7556}") = "UnoApp.Wasm", "UnoApp\UnoApp.Wasm\UnoApp.Wasm.csproj", "{1C714D03-7B9D-4FB8-82FE-D322A0F7AD50}"
EndProject
Project("{9A19103F-16F7-4668-BE54-9A1E7A4F7556}") = "UnoApp.Skia.Gtk", "UnoApp\UnoApp.Skia.Gtk\UnoApp.Skia.Gtk.csproj", "{55A6D622-5E87-45DB-808A-3830BE2779C4}"
EndProject
Project("{FAE04EC0-301F-11D3-BF4B-00C04F79EFBC}") = "UnoApp.Skia.Wpf", "UnoApp\UnoApp.Skia.WPF\UnoApp.Skia.Wpf.csproj", "{DF76C04E-64F1-4CA1-BD3F-14E48F456805}"
EndProject
Project("{9A19103F-16F7-4668-BE54-9A1E7A4F7556}") = "UnoApp.Skia.Linux.FrameBuffer", "UnoApp\UnoApp.Skia.Linux.FrameBuffer\UnoApp.Skia.Linux.FrameBuffer.csproj", "{C99D7CB6-1AAA-444B-A1B4-5DC00CA33F40}"
EndProject
Project("{9A19103F-16F7-4668-BE54-9A1E7A4F7556}") = "NextGenSoftware.Holochain.HoloNET.Templates.Blazor", "NextGenSoftware.Holochain.HoloNET.Templates.Blazor\NextGenSoftware.Holochain.HoloNET.Templates.Blazor\NextGenSoftware.Holochain.HoloNET.Templates.Blazor.csproj", "{628612A9-3A64-4A7C-BF77-2100669BC33A}"
EndProject
Project("{9A19103F-16F7-4668-BE54-9A1E7A4F7556}") = "NextGenSoftware.Holochain.HoloNET.Templates.Blazor.Client", "NextGenSoftware.Holochain.HoloNET.Templates.Blazor\NextGenSoftware.Holochain.HoloNET.Templates.Blazor.Client\NextGenSoftware.Holochain.HoloNET.Templates.Blazor.Client.csproj", "{6A671E97-4DF8-4CDF-8099-442EA3153648}"
EndProject
Project("{2150E333-8FDC-42A3-9474-1A3956D46DE8}") = "Blazor", "Blazor", "{CD87E6B1-0CA9-419C-9366-CD38BA5A615F}"
EndProject
Project("{9A19103F-16F7-4668-BE54-9A1E7A4F7556}") = "NextGenSoftware.Holochain.HoloNET.Templates.BlazorStandalone", "NextGenSoftware.Holochain.HoloNET.Templates.BlazorStandalone\NextGenSoftware.Holochain.HoloNET.Templates.BlazorStandalone.csproj", "{E5DE6C8D-9C13-4577-B2C2-6592D37BCD9F}"
EndProject
Project("{9A19103F-16F7-4668-BE54-9A1E7A4F7556}") = "NextGenSoftware.Holochain.HoloNET.Templates.OpenSilver.Browser", "NextGenSoftware.Holochain.HoloNET.Templates.OpenSilver\NextGenSoftware.Holochain.HoloNET.Templates.OpenSilver.Browser\NextGenSoftware.Holochain.HoloNET.Templates.OpenSilver.Browser.csproj", "{3BE2087A-AB63-41CF-A031-4856F695A5EC}"
EndProject
Project("{9A19103F-16F7-4668-BE54-9A1E7A4F7556}") = "NextGenSoftware.Holochain.HoloNET.Templates.OpenSilver", "NextGenSoftware.Holochain.HoloNET.Templates.OpenSilver\NextGenSoftware.Holochain.HoloNET.Templates.OpenSilver\NextGenSoftware.Holochain.HoloNET.Templates.OpenSilver.csproj", "{569EA812-525D-4FCE-8BC9-904F968F93E3}"
EndProject
Project("{9A19103F-16F7-4668-BE54-9A1E7A4F7556}") = "NextGenSoftware.Holochain.HoloNET.Templates.OpenSilver.Simulator", "NextGenSoftware.Holochain.HoloNET.Templates.OpenSilver\NextGenSoftware.Holochain.HoloNET.Templates.OpenSilver.Simulator\NextGenSoftware.Holochain.HoloNET.Templates.OpenSilver.Simulator.csproj", "{88471353-7A97-4C3A-8CD2-D13F2F0FA458}"
EndProject
Project("{9A19103F-16F7-4668-BE54-9A1E7A4F7556}") = "NextGenSoftware.Holochain.HoloNET.ORM", "NextGenSoftware.Holochain.HoloNET.ORM\NextGenSoftware.Holochain.HoloNET.ORM.csproj", "{2E03EE11-49F6-410C-91D3-E81ACF750688}"
EndProject
Project("{9A19103F-16F7-4668-BE54-9A1E7A4F7556}") = "NextGenSoftware.Holochain.HoloNET.HDK", "NextGenSoftware.Holochain.HoloNET.HDK\NextGenSoftware.Holochain.HoloNET.HDK.csproj", "{14FB4D6C-2A71-47DB-8C5C-9FFE23B953B8}"
EndProject
Project("{9A19103F-16F7-4668-BE54-9A1E7A4F7556}") = "NextGenSoftware.Holochain.HoloNET.HyperNET", "NextGenSoftware.Holochain.HoloNET.HyperNET\NextGenSoftware.Holochain.HoloNET.HyperNET.csproj", "{3E841DA7-D4C3-48E9-9549-1DFD7B2BBE5F}"
EndProject
Project("{9A19103F-16F7-4668-BE54-9A1E7A4F7556}") = "NextGenSoftware.Holochain.HoloNET.Client", "NextGenSoftware.Holochain.HoloNET.Client.Core\NextGenSoftware.Holochain.HoloNET.Client.csproj", "{5DF9C66D-0DD7-424D-8127-BB22208E01C4}"
EndProject
Project("{2150E333-8FDC-42A3-9474-1A3956D46DE8}") = "External Libs", "External Libs", "{FB5BB6A2-FFF6-4343-80B5-76F71B835BDF}"
EndProject
Project("{9A19103F-16F7-4668-BE54-9A1E7A4F7556}") = "NextGenSoftware.Logging", "..\NextGenSoftware-Libraries\NextGenSoftware Libraries\NextGenSoftware.Logging\NextGenSoftware.Logging.csproj", "{9868EBF4-451B-48D3-80CF-79CCEFD61109}"
EndProject
Project("{9A19103F-16F7-4668-BE54-9A1E7A4F7556}") = "NextGenSoftware.Utilities", "..\NextGenSoftware-Libraries\NextGenSoftware Libraries\NextGenSoftware.Utilities\NextGenSoftware.Utilities.csproj", "{7929AB36-2093-4621-ADE8-C52592A1AD29}"
EndProject
Project("{9A19103F-16F7-4668-BE54-9A1E7A4F7556}") = "NextGenSoftware.WebSocket", "..\NextGenSoftware-Libraries\NextGenSoftware Libraries\NextGenSoftware.WebSocket\NextGenSoftware.WebSocket.csproj", "{CFB2B997-F858-411C-9C2F-85DD0F74331A}"
EndProject
Project("{9A19103F-16F7-4668-BE54-9A1E7A4F7556}") = "NextGenSoftware.Holochain.HoloNET.Manager", "NextGenSoftware.Holochain.HoloNET.Manager\NextGenSoftware.Holochain.HoloNET.Manager.csproj", "{AD5EE3D5-3947-4902-ABF8-F79A548934CA}"
EndProject
Project("{54435603-DBB4-11D2-8724-00A0C9A8B90C}") = "NextGenSoftware.Holochain.HoloNET.Manager.Installer", "NextGenSoftware.Holochain.HoloNET.Manager.Installer\NextGenSoftware.Holochain.HoloNET.Manager.Installer.vdproj", "{6197BC21-EFA4-477D-88FF-97606382B8C6}"
EndProject
Global
	GlobalSection(SolutionConfigurationPlatforms) = preSolution
		Debug|Any CPU = Debug|Any CPU
		Debug|arm64 = Debug|arm64
		Debug|x64 = Debug|x64
		Debug|x86 = Debug|x86
		Release|Any CPU = Release|Any CPU
		Release|arm64 = Release|arm64
		Release|x64 = Release|x64
		Release|x86 = Release|x86
	EndGlobalSection
	GlobalSection(ProjectConfigurationPlatforms) = postSolution
		{BD7ED37D-38B0-4EB9-AA71-C8733CCFE215}.Debug|Any CPU.ActiveCfg = Debug|Any CPU
		{BD7ED37D-38B0-4EB9-AA71-C8733CCFE215}.Debug|arm64.ActiveCfg = Debug|Any CPU
		{BD7ED37D-38B0-4EB9-AA71-C8733CCFE215}.Debug|arm64.Build.0 = Debug|Any CPU
		{BD7ED37D-38B0-4EB9-AA71-C8733CCFE215}.Debug|x64.ActiveCfg = Debug|Any CPU
		{BD7ED37D-38B0-4EB9-AA71-C8733CCFE215}.Debug|x64.Build.0 = Debug|Any CPU
		{BD7ED37D-38B0-4EB9-AA71-C8733CCFE215}.Debug|x86.ActiveCfg = Debug|Any CPU
		{BD7ED37D-38B0-4EB9-AA71-C8733CCFE215}.Debug|x86.Build.0 = Debug|Any CPU
		{BD7ED37D-38B0-4EB9-AA71-C8733CCFE215}.Release|Any CPU.ActiveCfg = Release|Any CPU
		{BD7ED37D-38B0-4EB9-AA71-C8733CCFE215}.Release|Any CPU.Build.0 = Release|Any CPU
		{BD7ED37D-38B0-4EB9-AA71-C8733CCFE215}.Release|arm64.ActiveCfg = Release|Any CPU
		{BD7ED37D-38B0-4EB9-AA71-C8733CCFE215}.Release|arm64.Build.0 = Release|Any CPU
		{BD7ED37D-38B0-4EB9-AA71-C8733CCFE215}.Release|x64.ActiveCfg = Release|Any CPU
		{BD7ED37D-38B0-4EB9-AA71-C8733CCFE215}.Release|x64.Build.0 = Release|Any CPU
		{BD7ED37D-38B0-4EB9-AA71-C8733CCFE215}.Release|x86.ActiveCfg = Release|Any CPU
		{BD7ED37D-38B0-4EB9-AA71-C8733CCFE215}.Release|x86.Build.0 = Release|Any CPU
		{426F7BCF-4725-465D-A958-954081B494F6}.Debug|Any CPU.ActiveCfg = Debug|Any CPU
		{426F7BCF-4725-465D-A958-954081B494F6}.Debug|Any CPU.Build.0 = Debug|Any CPU
		{426F7BCF-4725-465D-A958-954081B494F6}.Debug|arm64.ActiveCfg = Debug|Any CPU
		{426F7BCF-4725-465D-A958-954081B494F6}.Debug|arm64.Build.0 = Debug|Any CPU
		{426F7BCF-4725-465D-A958-954081B494F6}.Debug|x64.ActiveCfg = Debug|Any CPU
		{426F7BCF-4725-465D-A958-954081B494F6}.Debug|x64.Build.0 = Debug|Any CPU
		{426F7BCF-4725-465D-A958-954081B494F6}.Debug|x86.ActiveCfg = Debug|Any CPU
		{426F7BCF-4725-465D-A958-954081B494F6}.Debug|x86.Build.0 = Debug|Any CPU
		{426F7BCF-4725-465D-A958-954081B494F6}.Release|Any CPU.ActiveCfg = Release|Any CPU
		{426F7BCF-4725-465D-A958-954081B494F6}.Release|Any CPU.Build.0 = Release|Any CPU
		{426F7BCF-4725-465D-A958-954081B494F6}.Release|arm64.ActiveCfg = Release|Any CPU
		{426F7BCF-4725-465D-A958-954081B494F6}.Release|arm64.Build.0 = Release|Any CPU
		{426F7BCF-4725-465D-A958-954081B494F6}.Release|x64.ActiveCfg = Release|Any CPU
		{426F7BCF-4725-465D-A958-954081B494F6}.Release|x64.Build.0 = Release|Any CPU
		{426F7BCF-4725-465D-A958-954081B494F6}.Release|x86.ActiveCfg = Release|Any CPU
		{426F7BCF-4725-465D-A958-954081B494F6}.Release|x86.Build.0 = Release|Any CPU
		{753CBE4B-FAC5-4289-8C92-1ECF10CD2075}.Debug|Any CPU.ActiveCfg = Debug|Any CPU
		{753CBE4B-FAC5-4289-8C92-1ECF10CD2075}.Debug|Any CPU.Build.0 = Debug|Any CPU
		{753CBE4B-FAC5-4289-8C92-1ECF10CD2075}.Debug|arm64.ActiveCfg = Debug|Any CPU
		{753CBE4B-FAC5-4289-8C92-1ECF10CD2075}.Debug|arm64.Build.0 = Debug|Any CPU
		{753CBE4B-FAC5-4289-8C92-1ECF10CD2075}.Debug|x64.ActiveCfg = Debug|Any CPU
		{753CBE4B-FAC5-4289-8C92-1ECF10CD2075}.Debug|x64.Build.0 = Debug|Any CPU
		{753CBE4B-FAC5-4289-8C92-1ECF10CD2075}.Debug|x86.ActiveCfg = Debug|Any CPU
		{753CBE4B-FAC5-4289-8C92-1ECF10CD2075}.Debug|x86.Build.0 = Debug|Any CPU
		{753CBE4B-FAC5-4289-8C92-1ECF10CD2075}.Release|Any CPU.ActiveCfg = Release|Any CPU
		{753CBE4B-FAC5-4289-8C92-1ECF10CD2075}.Release|Any CPU.Build.0 = Release|Any CPU
		{753CBE4B-FAC5-4289-8C92-1ECF10CD2075}.Release|arm64.ActiveCfg = Release|Any CPU
		{753CBE4B-FAC5-4289-8C92-1ECF10CD2075}.Release|arm64.Build.0 = Release|Any CPU
		{753CBE4B-FAC5-4289-8C92-1ECF10CD2075}.Release|x64.ActiveCfg = Release|Any CPU
		{753CBE4B-FAC5-4289-8C92-1ECF10CD2075}.Release|x64.Build.0 = Release|Any CPU
		{753CBE4B-FAC5-4289-8C92-1ECF10CD2075}.Release|x86.ActiveCfg = Release|Any CPU
		{753CBE4B-FAC5-4289-8C92-1ECF10CD2075}.Release|x86.Build.0 = Release|Any CPU
		{63D18968-6876-40ED-8250-6A080BE2DE4D}.Debug|Any CPU.ActiveCfg = Debug|Any CPU
		{63D18968-6876-40ED-8250-6A080BE2DE4D}.Debug|Any CPU.Build.0 = Debug|Any CPU
		{63D18968-6876-40ED-8250-6A080BE2DE4D}.Debug|Any CPU.Deploy.0 = Debug|Any CPU
		{63D18968-6876-40ED-8250-6A080BE2DE4D}.Debug|arm64.ActiveCfg = Debug|Any CPU
		{63D18968-6876-40ED-8250-6A080BE2DE4D}.Debug|arm64.Build.0 = Debug|Any CPU
		{63D18968-6876-40ED-8250-6A080BE2DE4D}.Debug|arm64.Deploy.0 = Debug|Any CPU
		{63D18968-6876-40ED-8250-6A080BE2DE4D}.Debug|x64.ActiveCfg = Debug|Any CPU
		{63D18968-6876-40ED-8250-6A080BE2DE4D}.Debug|x64.Build.0 = Debug|Any CPU
		{63D18968-6876-40ED-8250-6A080BE2DE4D}.Debug|x64.Deploy.0 = Debug|Any CPU
		{63D18968-6876-40ED-8250-6A080BE2DE4D}.Debug|x86.ActiveCfg = Debug|Any CPU
		{63D18968-6876-40ED-8250-6A080BE2DE4D}.Debug|x86.Build.0 = Debug|Any CPU
		{63D18968-6876-40ED-8250-6A080BE2DE4D}.Debug|x86.Deploy.0 = Debug|Any CPU
		{63D18968-6876-40ED-8250-6A080BE2DE4D}.Release|Any CPU.ActiveCfg = Release|Any CPU
		{63D18968-6876-40ED-8250-6A080BE2DE4D}.Release|Any CPU.Build.0 = Release|Any CPU
		{63D18968-6876-40ED-8250-6A080BE2DE4D}.Release|Any CPU.Deploy.0 = Release|Any CPU
		{63D18968-6876-40ED-8250-6A080BE2DE4D}.Release|arm64.ActiveCfg = Release|Any CPU
		{63D18968-6876-40ED-8250-6A080BE2DE4D}.Release|arm64.Build.0 = Release|Any CPU
		{63D18968-6876-40ED-8250-6A080BE2DE4D}.Release|arm64.Deploy.0 = Release|Any CPU
		{63D18968-6876-40ED-8250-6A080BE2DE4D}.Release|x64.ActiveCfg = Release|Any CPU
		{63D18968-6876-40ED-8250-6A080BE2DE4D}.Release|x64.Build.0 = Release|Any CPU
		{63D18968-6876-40ED-8250-6A080BE2DE4D}.Release|x64.Deploy.0 = Release|Any CPU
		{63D18968-6876-40ED-8250-6A080BE2DE4D}.Release|x86.ActiveCfg = Release|Any CPU
		{63D18968-6876-40ED-8250-6A080BE2DE4D}.Release|x86.Build.0 = Release|Any CPU
		{63D18968-6876-40ED-8250-6A080BE2DE4D}.Release|x86.Deploy.0 = Release|Any CPU
		{01EE3418-09AB-48B4-8F55-A28EEEFB389D}.Debug|Any CPU.ActiveCfg = Debug|Any CPU
		{01EE3418-09AB-48B4-8F55-A28EEEFB389D}.Debug|Any CPU.Build.0 = Debug|Any CPU
		{01EE3418-09AB-48B4-8F55-A28EEEFB389D}.Debug|Any CPU.Deploy.0 = Debug|Any CPU
		{01EE3418-09AB-48B4-8F55-A28EEEFB389D}.Debug|arm64.ActiveCfg = Debug|Any CPU
		{01EE3418-09AB-48B4-8F55-A28EEEFB389D}.Debug|arm64.Build.0 = Debug|Any CPU
		{01EE3418-09AB-48B4-8F55-A28EEEFB389D}.Debug|arm64.Deploy.0 = Debug|Any CPU
		{01EE3418-09AB-48B4-8F55-A28EEEFB389D}.Debug|x64.ActiveCfg = Debug|Any CPU
		{01EE3418-09AB-48B4-8F55-A28EEEFB389D}.Debug|x64.Build.0 = Debug|Any CPU
		{01EE3418-09AB-48B4-8F55-A28EEEFB389D}.Debug|x64.Deploy.0 = Debug|Any CPU
		{01EE3418-09AB-48B4-8F55-A28EEEFB389D}.Debug|x86.ActiveCfg = Debug|Any CPU
		{01EE3418-09AB-48B4-8F55-A28EEEFB389D}.Debug|x86.Build.0 = Debug|Any CPU
		{01EE3418-09AB-48B4-8F55-A28EEEFB389D}.Debug|x86.Deploy.0 = Debug|Any CPU
		{01EE3418-09AB-48B4-8F55-A28EEEFB389D}.Release|Any CPU.ActiveCfg = Release|Any CPU
		{01EE3418-09AB-48B4-8F55-A28EEEFB389D}.Release|Any CPU.Build.0 = Release|Any CPU
		{01EE3418-09AB-48B4-8F55-A28EEEFB389D}.Release|Any CPU.Deploy.0 = Release|Any CPU
		{01EE3418-09AB-48B4-8F55-A28EEEFB389D}.Release|arm64.ActiveCfg = Release|Any CPU
		{01EE3418-09AB-48B4-8F55-A28EEEFB389D}.Release|arm64.Build.0 = Release|Any CPU
		{01EE3418-09AB-48B4-8F55-A28EEEFB389D}.Release|arm64.Deploy.0 = Release|Any CPU
		{01EE3418-09AB-48B4-8F55-A28EEEFB389D}.Release|x64.ActiveCfg = Release|Any CPU
		{01EE3418-09AB-48B4-8F55-A28EEEFB389D}.Release|x64.Build.0 = Release|Any CPU
		{01EE3418-09AB-48B4-8F55-A28EEEFB389D}.Release|x64.Deploy.0 = Release|Any CPU
		{01EE3418-09AB-48B4-8F55-A28EEEFB389D}.Release|x86.ActiveCfg = Release|Any CPU
		{01EE3418-09AB-48B4-8F55-A28EEEFB389D}.Release|x86.Build.0 = Release|Any CPU
		{01EE3418-09AB-48B4-8F55-A28EEEFB389D}.Release|x86.Deploy.0 = Release|Any CPU
		{090F226A-A2CE-4703-8EBA-20F8AE9FCB4C}.Debug|Any CPU.ActiveCfg = Debug|Any CPU
		{090F226A-A2CE-4703-8EBA-20F8AE9FCB4C}.Debug|Any CPU.Build.0 = Debug|Any CPU
		{090F226A-A2CE-4703-8EBA-20F8AE9FCB4C}.Debug|arm64.ActiveCfg = Debug|Any CPU
		{090F226A-A2CE-4703-8EBA-20F8AE9FCB4C}.Debug|arm64.Build.0 = Debug|Any CPU
		{090F226A-A2CE-4703-8EBA-20F8AE9FCB4C}.Debug|x64.ActiveCfg = Debug|Any CPU
		{090F226A-A2CE-4703-8EBA-20F8AE9FCB4C}.Debug|x64.Build.0 = Debug|Any CPU
		{090F226A-A2CE-4703-8EBA-20F8AE9FCB4C}.Debug|x86.ActiveCfg = Debug|Any CPU
		{090F226A-A2CE-4703-8EBA-20F8AE9FCB4C}.Debug|x86.Build.0 = Debug|Any CPU
		{090F226A-A2CE-4703-8EBA-20F8AE9FCB4C}.Release|Any CPU.ActiveCfg = Release|Any CPU
		{090F226A-A2CE-4703-8EBA-20F8AE9FCB4C}.Release|Any CPU.Build.0 = Release|Any CPU
		{090F226A-A2CE-4703-8EBA-20F8AE9FCB4C}.Release|arm64.ActiveCfg = Release|Any CPU
		{090F226A-A2CE-4703-8EBA-20F8AE9FCB4C}.Release|arm64.Build.0 = Release|Any CPU
		{090F226A-A2CE-4703-8EBA-20F8AE9FCB4C}.Release|x64.ActiveCfg = Release|Any CPU
		{090F226A-A2CE-4703-8EBA-20F8AE9FCB4C}.Release|x64.Build.0 = Release|Any CPU
		{090F226A-A2CE-4703-8EBA-20F8AE9FCB4C}.Release|x86.ActiveCfg = Release|Any CPU
		{090F226A-A2CE-4703-8EBA-20F8AE9FCB4C}.Release|x86.Build.0 = Release|Any CPU
		{BD6BC365-19A8-4E53-B65F-1E20DDD0695D}.Debug|Any CPU.ActiveCfg = Debug|Any CPU
		{BD6BC365-19A8-4E53-B65F-1E20DDD0695D}.Debug|Any CPU.Build.0 = Debug|Any CPU
		{BD6BC365-19A8-4E53-B65F-1E20DDD0695D}.Debug|arm64.ActiveCfg = Debug|Any CPU
		{BD6BC365-19A8-4E53-B65F-1E20DDD0695D}.Debug|arm64.Build.0 = Debug|Any CPU
		{BD6BC365-19A8-4E53-B65F-1E20DDD0695D}.Debug|x64.ActiveCfg = Debug|Any CPU
		{BD6BC365-19A8-4E53-B65F-1E20DDD0695D}.Debug|x64.Build.0 = Debug|Any CPU
		{BD6BC365-19A8-4E53-B65F-1E20DDD0695D}.Debug|x86.ActiveCfg = Debug|Any CPU
		{BD6BC365-19A8-4E53-B65F-1E20DDD0695D}.Debug|x86.Build.0 = Debug|Any CPU
		{BD6BC365-19A8-4E53-B65F-1E20DDD0695D}.Release|Any CPU.ActiveCfg = Release|Any CPU
		{BD6BC365-19A8-4E53-B65F-1E20DDD0695D}.Release|Any CPU.Build.0 = Release|Any CPU
		{BD6BC365-19A8-4E53-B65F-1E20DDD0695D}.Release|arm64.ActiveCfg = Release|Any CPU
		{BD6BC365-19A8-4E53-B65F-1E20DDD0695D}.Release|arm64.Build.0 = Release|Any CPU
		{BD6BC365-19A8-4E53-B65F-1E20DDD0695D}.Release|x64.ActiveCfg = Release|Any CPU
		{BD6BC365-19A8-4E53-B65F-1E20DDD0695D}.Release|x64.Build.0 = Release|Any CPU
		{BD6BC365-19A8-4E53-B65F-1E20DDD0695D}.Release|x86.ActiveCfg = Release|Any CPU
		{BD6BC365-19A8-4E53-B65F-1E20DDD0695D}.Release|x86.Build.0 = Release|Any CPU
		{8F3DFA68-B0F2-4C39-991E-A62D7C7414B0}.Debug|Any CPU.ActiveCfg = Debug|Any CPU
		{8F3DFA68-B0F2-4C39-991E-A62D7C7414B0}.Debug|Any CPU.Build.0 = Debug|Any CPU
		{8F3DFA68-B0F2-4C39-991E-A62D7C7414B0}.Debug|arm64.ActiveCfg = Debug|Any CPU
		{8F3DFA68-B0F2-4C39-991E-A62D7C7414B0}.Debug|arm64.Build.0 = Debug|Any CPU
		{8F3DFA68-B0F2-4C39-991E-A62D7C7414B0}.Debug|x64.ActiveCfg = Debug|Any CPU
		{8F3DFA68-B0F2-4C39-991E-A62D7C7414B0}.Debug|x64.Build.0 = Debug|Any CPU
		{8F3DFA68-B0F2-4C39-991E-A62D7C7414B0}.Debug|x86.ActiveCfg = Debug|Any CPU
		{8F3DFA68-B0F2-4C39-991E-A62D7C7414B0}.Debug|x86.Build.0 = Debug|Any CPU
		{8F3DFA68-B0F2-4C39-991E-A62D7C7414B0}.Release|Any CPU.ActiveCfg = Release|Any CPU
		{8F3DFA68-B0F2-4C39-991E-A62D7C7414B0}.Release|Any CPU.Build.0 = Release|Any CPU
		{8F3DFA68-B0F2-4C39-991E-A62D7C7414B0}.Release|arm64.ActiveCfg = Release|Any CPU
		{8F3DFA68-B0F2-4C39-991E-A62D7C7414B0}.Release|arm64.Build.0 = Release|Any CPU
		{8F3DFA68-B0F2-4C39-991E-A62D7C7414B0}.Release|x64.ActiveCfg = Release|Any CPU
		{8F3DFA68-B0F2-4C39-991E-A62D7C7414B0}.Release|x64.Build.0 = Release|Any CPU
		{8F3DFA68-B0F2-4C39-991E-A62D7C7414B0}.Release|x86.ActiveCfg = Release|Any CPU
		{8F3DFA68-B0F2-4C39-991E-A62D7C7414B0}.Release|x86.Build.0 = Release|Any CPU
		{09CC316A-BE53-4ED3-A10D-F104FB40E047}.Debug|Any CPU.ActiveCfg = Debug|Any CPU
		{09CC316A-BE53-4ED3-A10D-F104FB40E047}.Debug|Any CPU.Build.0 = Debug|Any CPU
		{09CC316A-BE53-4ED3-A10D-F104FB40E047}.Debug|arm64.ActiveCfg = Debug|Any CPU
		{09CC316A-BE53-4ED3-A10D-F104FB40E047}.Debug|arm64.Build.0 = Debug|Any CPU
		{09CC316A-BE53-4ED3-A10D-F104FB40E047}.Debug|x64.ActiveCfg = Debug|Any CPU
		{09CC316A-BE53-4ED3-A10D-F104FB40E047}.Debug|x64.Build.0 = Debug|Any CPU
		{09CC316A-BE53-4ED3-A10D-F104FB40E047}.Debug|x86.ActiveCfg = Debug|Any CPU
		{09CC316A-BE53-4ED3-A10D-F104FB40E047}.Debug|x86.Build.0 = Debug|Any CPU
		{09CC316A-BE53-4ED3-A10D-F104FB40E047}.Release|Any CPU.ActiveCfg = Release|Any CPU
		{09CC316A-BE53-4ED3-A10D-F104FB40E047}.Release|Any CPU.Build.0 = Release|Any CPU
		{09CC316A-BE53-4ED3-A10D-F104FB40E047}.Release|arm64.ActiveCfg = Release|Any CPU
		{09CC316A-BE53-4ED3-A10D-F104FB40E047}.Release|arm64.Build.0 = Release|Any CPU
		{09CC316A-BE53-4ED3-A10D-F104FB40E047}.Release|x64.ActiveCfg = Release|Any CPU
		{09CC316A-BE53-4ED3-A10D-F104FB40E047}.Release|x64.Build.0 = Release|Any CPU
		{09CC316A-BE53-4ED3-A10D-F104FB40E047}.Release|x86.ActiveCfg = Release|Any CPU
		{09CC316A-BE53-4ED3-A10D-F104FB40E047}.Release|x86.Build.0 = Release|Any CPU
		{EE91A085-F4BA-4E90-A174-D34709A0290D}.Debug|Any CPU.ActiveCfg = Debug|Any CPU
		{EE91A085-F4BA-4E90-A174-D34709A0290D}.Debug|Any CPU.Build.0 = Debug|Any CPU
		{EE91A085-F4BA-4E90-A174-D34709A0290D}.Debug|arm64.ActiveCfg = Debug|Any CPU
		{EE91A085-F4BA-4E90-A174-D34709A0290D}.Debug|arm64.Build.0 = Debug|Any CPU
		{EE91A085-F4BA-4E90-A174-D34709A0290D}.Debug|x64.ActiveCfg = Debug|Any CPU
		{EE91A085-F4BA-4E90-A174-D34709A0290D}.Debug|x64.Build.0 = Debug|Any CPU
		{EE91A085-F4BA-4E90-A174-D34709A0290D}.Debug|x86.ActiveCfg = Debug|Any CPU
		{EE91A085-F4BA-4E90-A174-D34709A0290D}.Debug|x86.Build.0 = Debug|Any CPU
		{EE91A085-F4BA-4E90-A174-D34709A0290D}.Release|Any CPU.ActiveCfg = Release|Any CPU
		{EE91A085-F4BA-4E90-A174-D34709A0290D}.Release|Any CPU.Build.0 = Release|Any CPU
		{EE91A085-F4BA-4E90-A174-D34709A0290D}.Release|arm64.ActiveCfg = Release|Any CPU
		{EE91A085-F4BA-4E90-A174-D34709A0290D}.Release|arm64.Build.0 = Release|Any CPU
		{EE91A085-F4BA-4E90-A174-D34709A0290D}.Release|x64.ActiveCfg = Release|Any CPU
		{EE91A085-F4BA-4E90-A174-D34709A0290D}.Release|x64.Build.0 = Release|Any CPU
		{EE91A085-F4BA-4E90-A174-D34709A0290D}.Release|x86.ActiveCfg = Release|Any CPU
		{EE91A085-F4BA-4E90-A174-D34709A0290D}.Release|x86.Build.0 = Release|Any CPU
		{794C6D6A-0F4C-40D1-95C3-CEF2447E1AB8}.Debug|Any CPU.ActiveCfg = Debug|Any CPU
		{794C6D6A-0F4C-40D1-95C3-CEF2447E1AB8}.Debug|Any CPU.Build.0 = Debug|Any CPU
		{794C6D6A-0F4C-40D1-95C3-CEF2447E1AB8}.Debug|arm64.ActiveCfg = Debug|Any CPU
		{794C6D6A-0F4C-40D1-95C3-CEF2447E1AB8}.Debug|arm64.Build.0 = Debug|Any CPU
		{794C6D6A-0F4C-40D1-95C3-CEF2447E1AB8}.Debug|x64.ActiveCfg = Debug|Any CPU
		{794C6D6A-0F4C-40D1-95C3-CEF2447E1AB8}.Debug|x64.Build.0 = Debug|Any CPU
		{794C6D6A-0F4C-40D1-95C3-CEF2447E1AB8}.Debug|x86.ActiveCfg = Debug|Any CPU
		{794C6D6A-0F4C-40D1-95C3-CEF2447E1AB8}.Debug|x86.Build.0 = Debug|Any CPU
		{794C6D6A-0F4C-40D1-95C3-CEF2447E1AB8}.Release|Any CPU.ActiveCfg = Release|Any CPU
		{794C6D6A-0F4C-40D1-95C3-CEF2447E1AB8}.Release|Any CPU.Build.0 = Release|Any CPU
		{794C6D6A-0F4C-40D1-95C3-CEF2447E1AB8}.Release|arm64.ActiveCfg = Release|Any CPU
		{794C6D6A-0F4C-40D1-95C3-CEF2447E1AB8}.Release|arm64.Build.0 = Release|Any CPU
		{794C6D6A-0F4C-40D1-95C3-CEF2447E1AB8}.Release|x64.ActiveCfg = Release|Any CPU
		{794C6D6A-0F4C-40D1-95C3-CEF2447E1AB8}.Release|x64.Build.0 = Release|Any CPU
		{794C6D6A-0F4C-40D1-95C3-CEF2447E1AB8}.Release|x86.ActiveCfg = Release|Any CPU
		{794C6D6A-0F4C-40D1-95C3-CEF2447E1AB8}.Release|x86.Build.0 = Release|Any CPU
		{22815C3F-37B2-4F41-9CE5-154661566D8D}.Debug|Any CPU.ActiveCfg = Debug|Any CPU
		{22815C3F-37B2-4F41-9CE5-154661566D8D}.Debug|Any CPU.Build.0 = Debug|Any CPU
		{22815C3F-37B2-4F41-9CE5-154661566D8D}.Debug|arm64.ActiveCfg = Debug|Any CPU
		{22815C3F-37B2-4F41-9CE5-154661566D8D}.Debug|arm64.Build.0 = Debug|Any CPU
		{22815C3F-37B2-4F41-9CE5-154661566D8D}.Debug|x64.ActiveCfg = Debug|Any CPU
		{22815C3F-37B2-4F41-9CE5-154661566D8D}.Debug|x64.Build.0 = Debug|Any CPU
		{22815C3F-37B2-4F41-9CE5-154661566D8D}.Debug|x86.ActiveCfg = Debug|Any CPU
		{22815C3F-37B2-4F41-9CE5-154661566D8D}.Debug|x86.Build.0 = Debug|Any CPU
		{22815C3F-37B2-4F41-9CE5-154661566D8D}.Release|Any CPU.ActiveCfg = Release|Any CPU
		{22815C3F-37B2-4F41-9CE5-154661566D8D}.Release|Any CPU.Build.0 = Release|Any CPU
		{22815C3F-37B2-4F41-9CE5-154661566D8D}.Release|arm64.ActiveCfg = Release|Any CPU
		{22815C3F-37B2-4F41-9CE5-154661566D8D}.Release|arm64.Build.0 = Release|Any CPU
		{22815C3F-37B2-4F41-9CE5-154661566D8D}.Release|x64.ActiveCfg = Release|Any CPU
		{22815C3F-37B2-4F41-9CE5-154661566D8D}.Release|x64.Build.0 = Release|Any CPU
		{22815C3F-37B2-4F41-9CE5-154661566D8D}.Release|x86.ActiveCfg = Release|Any CPU
		{22815C3F-37B2-4F41-9CE5-154661566D8D}.Release|x86.Build.0 = Release|Any CPU
		{202EACBE-05CA-4B9A-980B-A52F3DF30164}.Debug|Any CPU.ActiveCfg = Debug|Any CPU
		{202EACBE-05CA-4B9A-980B-A52F3DF30164}.Debug|Any CPU.Build.0 = Debug|Any CPU
		{202EACBE-05CA-4B9A-980B-A52F3DF30164}.Debug|arm64.ActiveCfg = Debug|Any CPU
		{202EACBE-05CA-4B9A-980B-A52F3DF30164}.Debug|arm64.Build.0 = Debug|Any CPU
		{202EACBE-05CA-4B9A-980B-A52F3DF30164}.Debug|x64.ActiveCfg = Debug|Any CPU
		{202EACBE-05CA-4B9A-980B-A52F3DF30164}.Debug|x64.Build.0 = Debug|Any CPU
		{202EACBE-05CA-4B9A-980B-A52F3DF30164}.Debug|x86.ActiveCfg = Debug|Any CPU
		{202EACBE-05CA-4B9A-980B-A52F3DF30164}.Debug|x86.Build.0 = Debug|Any CPU
		{202EACBE-05CA-4B9A-980B-A52F3DF30164}.Release|Any CPU.ActiveCfg = Release|Any CPU
		{202EACBE-05CA-4B9A-980B-A52F3DF30164}.Release|Any CPU.Build.0 = Release|Any CPU
		{202EACBE-05CA-4B9A-980B-A52F3DF30164}.Release|arm64.ActiveCfg = Release|Any CPU
		{202EACBE-05CA-4B9A-980B-A52F3DF30164}.Release|arm64.Build.0 = Release|Any CPU
		{202EACBE-05CA-4B9A-980B-A52F3DF30164}.Release|x64.ActiveCfg = Release|Any CPU
		{202EACBE-05CA-4B9A-980B-A52F3DF30164}.Release|x64.Build.0 = Release|Any CPU
		{202EACBE-05CA-4B9A-980B-A52F3DF30164}.Release|x86.ActiveCfg = Release|Any CPU
		{202EACBE-05CA-4B9A-980B-A52F3DF30164}.Release|x86.Build.0 = Release|Any CPU
		{762453E0-5A85-417D-A8BC-63E248017819}.Debug|Any CPU.ActiveCfg = Debug|Any CPU
		{762453E0-5A85-417D-A8BC-63E248017819}.Debug|Any CPU.Build.0 = Debug|Any CPU
		{762453E0-5A85-417D-A8BC-63E248017819}.Debug|Any CPU.Deploy.0 = Debug|Any CPU
		{762453E0-5A85-417D-A8BC-63E248017819}.Debug|arm64.ActiveCfg = Debug|Any CPU
		{762453E0-5A85-417D-A8BC-63E248017819}.Debug|arm64.Build.0 = Debug|Any CPU
		{762453E0-5A85-417D-A8BC-63E248017819}.Debug|arm64.Deploy.0 = Debug|Any CPU
		{762453E0-5A85-417D-A8BC-63E248017819}.Debug|x64.ActiveCfg = Debug|Any CPU
		{762453E0-5A85-417D-A8BC-63E248017819}.Debug|x64.Build.0 = Debug|Any CPU
		{762453E0-5A85-417D-A8BC-63E248017819}.Debug|x64.Deploy.0 = Debug|Any CPU
		{762453E0-5A85-417D-A8BC-63E248017819}.Debug|x86.ActiveCfg = Debug|Any CPU
		{762453E0-5A85-417D-A8BC-63E248017819}.Debug|x86.Build.0 = Debug|Any CPU
		{762453E0-5A85-417D-A8BC-63E248017819}.Debug|x86.Deploy.0 = Debug|Any CPU
		{762453E0-5A85-417D-A8BC-63E248017819}.Release|Any CPU.ActiveCfg = Release|Any CPU
		{762453E0-5A85-417D-A8BC-63E248017819}.Release|Any CPU.Build.0 = Release|Any CPU
		{762453E0-5A85-417D-A8BC-63E248017819}.Release|Any CPU.Deploy.0 = Release|Any CPU
		{762453E0-5A85-417D-A8BC-63E248017819}.Release|arm64.ActiveCfg = Release|Any CPU
		{762453E0-5A85-417D-A8BC-63E248017819}.Release|arm64.Build.0 = Release|Any CPU
		{762453E0-5A85-417D-A8BC-63E248017819}.Release|arm64.Deploy.0 = Release|Any CPU
		{762453E0-5A85-417D-A8BC-63E248017819}.Release|x64.ActiveCfg = Release|Any CPU
		{762453E0-5A85-417D-A8BC-63E248017819}.Release|x64.Build.0 = Release|Any CPU
		{762453E0-5A85-417D-A8BC-63E248017819}.Release|x64.Deploy.0 = Release|Any CPU
		{762453E0-5A85-417D-A8BC-63E248017819}.Release|x86.ActiveCfg = Release|Any CPU
		{762453E0-5A85-417D-A8BC-63E248017819}.Release|x86.Build.0 = Release|Any CPU
		{762453E0-5A85-417D-A8BC-63E248017819}.Release|x86.Deploy.0 = Release|Any CPU
		{CC6DA776-A3A2-46A6-BE1D-FF978C9D6D81}.Debug|Any CPU.ActiveCfg = Debug|x64
		{CC6DA776-A3A2-46A6-BE1D-FF978C9D6D81}.Debug|Any CPU.Build.0 = Debug|x64
		{CC6DA776-A3A2-46A6-BE1D-FF978C9D6D81}.Debug|arm64.ActiveCfg = Debug|arm64
		{CC6DA776-A3A2-46A6-BE1D-FF978C9D6D81}.Debug|arm64.Build.0 = Debug|arm64
		{CC6DA776-A3A2-46A6-BE1D-FF978C9D6D81}.Debug|x64.ActiveCfg = Debug|x64
		{CC6DA776-A3A2-46A6-BE1D-FF978C9D6D81}.Debug|x64.Build.0 = Debug|x64
		{CC6DA776-A3A2-46A6-BE1D-FF978C9D6D81}.Debug|x86.ActiveCfg = Debug|x86
		{CC6DA776-A3A2-46A6-BE1D-FF978C9D6D81}.Debug|x86.Build.0 = Debug|x86
		{CC6DA776-A3A2-46A6-BE1D-FF978C9D6D81}.Release|Any CPU.ActiveCfg = Release|x64
		{CC6DA776-A3A2-46A6-BE1D-FF978C9D6D81}.Release|Any CPU.Build.0 = Release|x64
		{CC6DA776-A3A2-46A6-BE1D-FF978C9D6D81}.Release|arm64.ActiveCfg = Release|arm64
		{CC6DA776-A3A2-46A6-BE1D-FF978C9D6D81}.Release|arm64.Build.0 = Release|arm64
		{CC6DA776-A3A2-46A6-BE1D-FF978C9D6D81}.Release|x64.ActiveCfg = Release|x64
		{CC6DA776-A3A2-46A6-BE1D-FF978C9D6D81}.Release|x64.Build.0 = Release|x64
		{CC6DA776-A3A2-46A6-BE1D-FF978C9D6D81}.Release|x86.ActiveCfg = Release|x86
		{CC6DA776-A3A2-46A6-BE1D-FF978C9D6D81}.Release|x86.Build.0 = Release|x86
		{1C714D03-7B9D-4FB8-82FE-D322A0F7AD50}.Debug|Any CPU.ActiveCfg = Debug|Any CPU
		{1C714D03-7B9D-4FB8-82FE-D322A0F7AD50}.Debug|Any CPU.Build.0 = Debug|Any CPU
		{1C714D03-7B9D-4FB8-82FE-D322A0F7AD50}.Debug|arm64.ActiveCfg = Debug|Any CPU
		{1C714D03-7B9D-4FB8-82FE-D322A0F7AD50}.Debug|arm64.Build.0 = Debug|Any CPU
		{1C714D03-7B9D-4FB8-82FE-D322A0F7AD50}.Debug|x64.ActiveCfg = Debug|Any CPU
		{1C714D03-7B9D-4FB8-82FE-D322A0F7AD50}.Debug|x64.Build.0 = Debug|Any CPU
		{1C714D03-7B9D-4FB8-82FE-D322A0F7AD50}.Debug|x86.ActiveCfg = Debug|Any CPU
		{1C714D03-7B9D-4FB8-82FE-D322A0F7AD50}.Debug|x86.Build.0 = Debug|Any CPU
		{1C714D03-7B9D-4FB8-82FE-D322A0F7AD50}.Release|Any CPU.ActiveCfg = Release|Any CPU
		{1C714D03-7B9D-4FB8-82FE-D322A0F7AD50}.Release|Any CPU.Build.0 = Release|Any CPU
		{1C714D03-7B9D-4FB8-82FE-D322A0F7AD50}.Release|arm64.ActiveCfg = Release|Any CPU
		{1C714D03-7B9D-4FB8-82FE-D322A0F7AD50}.Release|arm64.Build.0 = Release|Any CPU
		{1C714D03-7B9D-4FB8-82FE-D322A0F7AD50}.Release|x64.ActiveCfg = Release|Any CPU
		{1C714D03-7B9D-4FB8-82FE-D322A0F7AD50}.Release|x64.Build.0 = Release|Any CPU
		{1C714D03-7B9D-4FB8-82FE-D322A0F7AD50}.Release|x86.ActiveCfg = Release|Any CPU
		{1C714D03-7B9D-4FB8-82FE-D322A0F7AD50}.Release|x86.Build.0 = Release|Any CPU
		{55A6D622-5E87-45DB-808A-3830BE2779C4}.Debug|Any CPU.ActiveCfg = Debug|Any CPU
		{55A6D622-5E87-45DB-808A-3830BE2779C4}.Debug|Any CPU.Build.0 = Debug|Any CPU
		{55A6D622-5E87-45DB-808A-3830BE2779C4}.Debug|arm64.ActiveCfg = Debug|Any CPU
		{55A6D622-5E87-45DB-808A-3830BE2779C4}.Debug|arm64.Build.0 = Debug|Any CPU
		{55A6D622-5E87-45DB-808A-3830BE2779C4}.Debug|x64.ActiveCfg = Debug|Any CPU
		{55A6D622-5E87-45DB-808A-3830BE2779C4}.Debug|x64.Build.0 = Debug|Any CPU
		{55A6D622-5E87-45DB-808A-3830BE2779C4}.Debug|x86.ActiveCfg = Debug|Any CPU
		{55A6D622-5E87-45DB-808A-3830BE2779C4}.Debug|x86.Build.0 = Debug|Any CPU
		{55A6D622-5E87-45DB-808A-3830BE2779C4}.Release|Any CPU.ActiveCfg = Release|Any CPU
		{55A6D622-5E87-45DB-808A-3830BE2779C4}.Release|Any CPU.Build.0 = Release|Any CPU
		{55A6D622-5E87-45DB-808A-3830BE2779C4}.Release|arm64.ActiveCfg = Release|Any CPU
		{55A6D622-5E87-45DB-808A-3830BE2779C4}.Release|arm64.Build.0 = Release|Any CPU
		{55A6D622-5E87-45DB-808A-3830BE2779C4}.Release|x64.ActiveCfg = Release|Any CPU
		{55A6D622-5E87-45DB-808A-3830BE2779C4}.Release|x64.Build.0 = Release|Any CPU
		{55A6D622-5E87-45DB-808A-3830BE2779C4}.Release|x86.ActiveCfg = Release|Any CPU
		{55A6D622-5E87-45DB-808A-3830BE2779C4}.Release|x86.Build.0 = Release|Any CPU
		{DF76C04E-64F1-4CA1-BD3F-14E48F456805}.Debug|Any CPU.ActiveCfg = Debug|Any CPU
		{DF76C04E-64F1-4CA1-BD3F-14E48F456805}.Debug|Any CPU.Build.0 = Debug|Any CPU
		{DF76C04E-64F1-4CA1-BD3F-14E48F456805}.Debug|arm64.ActiveCfg = Debug|Any CPU
		{DF76C04E-64F1-4CA1-BD3F-14E48F456805}.Debug|arm64.Build.0 = Debug|Any CPU
		{DF76C04E-64F1-4CA1-BD3F-14E48F456805}.Debug|x64.ActiveCfg = Debug|Any CPU
		{DF76C04E-64F1-4CA1-BD3F-14E48F456805}.Debug|x64.Build.0 = Debug|Any CPU
		{DF76C04E-64F1-4CA1-BD3F-14E48F456805}.Debug|x86.ActiveCfg = Debug|Any CPU
		{DF76C04E-64F1-4CA1-BD3F-14E48F456805}.Debug|x86.Build.0 = Debug|Any CPU
		{DF76C04E-64F1-4CA1-BD3F-14E48F456805}.Release|Any CPU.ActiveCfg = Release|Any CPU
		{DF76C04E-64F1-4CA1-BD3F-14E48F456805}.Release|Any CPU.Build.0 = Release|Any CPU
		{DF76C04E-64F1-4CA1-BD3F-14E48F456805}.Release|arm64.ActiveCfg = Release|Any CPU
		{DF76C04E-64F1-4CA1-BD3F-14E48F456805}.Release|arm64.Build.0 = Release|Any CPU
		{DF76C04E-64F1-4CA1-BD3F-14E48F456805}.Release|x64.ActiveCfg = Release|Any CPU
		{DF76C04E-64F1-4CA1-BD3F-14E48F456805}.Release|x64.Build.0 = Release|Any CPU
		{DF76C04E-64F1-4CA1-BD3F-14E48F456805}.Release|x86.ActiveCfg = Release|Any CPU
		{DF76C04E-64F1-4CA1-BD3F-14E48F456805}.Release|x86.Build.0 = Release|Any CPU
		{C99D7CB6-1AAA-444B-A1B4-5DC00CA33F40}.Debug|Any CPU.ActiveCfg = Debug|Any CPU
		{C99D7CB6-1AAA-444B-A1B4-5DC00CA33F40}.Debug|Any CPU.Build.0 = Debug|Any CPU
		{C99D7CB6-1AAA-444B-A1B4-5DC00CA33F40}.Debug|arm64.ActiveCfg = Debug|Any CPU
		{C99D7CB6-1AAA-444B-A1B4-5DC00CA33F40}.Debug|arm64.Build.0 = Debug|Any CPU
		{C99D7CB6-1AAA-444B-A1B4-5DC00CA33F40}.Debug|x64.ActiveCfg = Debug|Any CPU
		{C99D7CB6-1AAA-444B-A1B4-5DC00CA33F40}.Debug|x64.Build.0 = Debug|Any CPU
		{C99D7CB6-1AAA-444B-A1B4-5DC00CA33F40}.Debug|x86.ActiveCfg = Debug|Any CPU
		{C99D7CB6-1AAA-444B-A1B4-5DC00CA33F40}.Debug|x86.Build.0 = Debug|Any CPU
		{C99D7CB6-1AAA-444B-A1B4-5DC00CA33F40}.Release|Any CPU.ActiveCfg = Release|Any CPU
		{C99D7CB6-1AAA-444B-A1B4-5DC00CA33F40}.Release|Any CPU.Build.0 = Release|Any CPU
		{C99D7CB6-1AAA-444B-A1B4-5DC00CA33F40}.Release|arm64.ActiveCfg = Release|Any CPU
		{C99D7CB6-1AAA-444B-A1B4-5DC00CA33F40}.Release|arm64.Build.0 = Release|Any CPU
		{C99D7CB6-1AAA-444B-A1B4-5DC00CA33F40}.Release|x64.ActiveCfg = Release|Any CPU
		{C99D7CB6-1AAA-444B-A1B4-5DC00CA33F40}.Release|x64.Build.0 = Release|Any CPU
		{C99D7CB6-1AAA-444B-A1B4-5DC00CA33F40}.Release|x86.ActiveCfg = Release|Any CPU
		{C99D7CB6-1AAA-444B-A1B4-5DC00CA33F40}.Release|x86.Build.0 = Release|Any CPU
		{628612A9-3A64-4A7C-BF77-2100669BC33A}.Debug|Any CPU.ActiveCfg = Debug|Any CPU
		{628612A9-3A64-4A7C-BF77-2100669BC33A}.Debug|Any CPU.Build.0 = Debug|Any CPU
		{628612A9-3A64-4A7C-BF77-2100669BC33A}.Debug|arm64.ActiveCfg = Debug|Any CPU
		{628612A9-3A64-4A7C-BF77-2100669BC33A}.Debug|arm64.Build.0 = Debug|Any CPU
		{628612A9-3A64-4A7C-BF77-2100669BC33A}.Debug|x64.ActiveCfg = Debug|Any CPU
		{628612A9-3A64-4A7C-BF77-2100669BC33A}.Debug|x64.Build.0 = Debug|Any CPU
		{628612A9-3A64-4A7C-BF77-2100669BC33A}.Debug|x86.ActiveCfg = Debug|Any CPU
		{628612A9-3A64-4A7C-BF77-2100669BC33A}.Debug|x86.Build.0 = Debug|Any CPU
		{628612A9-3A64-4A7C-BF77-2100669BC33A}.Release|Any CPU.ActiveCfg = Release|Any CPU
		{628612A9-3A64-4A7C-BF77-2100669BC33A}.Release|Any CPU.Build.0 = Release|Any CPU
		{628612A9-3A64-4A7C-BF77-2100669BC33A}.Release|arm64.ActiveCfg = Release|Any CPU
		{628612A9-3A64-4A7C-BF77-2100669BC33A}.Release|arm64.Build.0 = Release|Any CPU
		{628612A9-3A64-4A7C-BF77-2100669BC33A}.Release|x64.ActiveCfg = Release|Any CPU
		{628612A9-3A64-4A7C-BF77-2100669BC33A}.Release|x64.Build.0 = Release|Any CPU
		{628612A9-3A64-4A7C-BF77-2100669BC33A}.Release|x86.ActiveCfg = Release|Any CPU
		{628612A9-3A64-4A7C-BF77-2100669BC33A}.Release|x86.Build.0 = Release|Any CPU
		{6A671E97-4DF8-4CDF-8099-442EA3153648}.Debug|Any CPU.ActiveCfg = Debug|Any CPU
		{6A671E97-4DF8-4CDF-8099-442EA3153648}.Debug|Any CPU.Build.0 = Debug|Any CPU
		{6A671E97-4DF8-4CDF-8099-442EA3153648}.Debug|arm64.ActiveCfg = Debug|Any CPU
		{6A671E97-4DF8-4CDF-8099-442EA3153648}.Debug|arm64.Build.0 = Debug|Any CPU
		{6A671E97-4DF8-4CDF-8099-442EA3153648}.Debug|x64.ActiveCfg = Debug|Any CPU
		{6A671E97-4DF8-4CDF-8099-442EA3153648}.Debug|x64.Build.0 = Debug|Any CPU
		{6A671E97-4DF8-4CDF-8099-442EA3153648}.Debug|x86.ActiveCfg = Debug|Any CPU
		{6A671E97-4DF8-4CDF-8099-442EA3153648}.Debug|x86.Build.0 = Debug|Any CPU
		{6A671E97-4DF8-4CDF-8099-442EA3153648}.Release|Any CPU.ActiveCfg = Release|Any CPU
		{6A671E97-4DF8-4CDF-8099-442EA3153648}.Release|Any CPU.Build.0 = Release|Any CPU
		{6A671E97-4DF8-4CDF-8099-442EA3153648}.Release|arm64.ActiveCfg = Release|Any CPU
		{6A671E97-4DF8-4CDF-8099-442EA3153648}.Release|arm64.Build.0 = Release|Any CPU
		{6A671E97-4DF8-4CDF-8099-442EA3153648}.Release|x64.ActiveCfg = Release|Any CPU
		{6A671E97-4DF8-4CDF-8099-442EA3153648}.Release|x64.Build.0 = Release|Any CPU
		{6A671E97-4DF8-4CDF-8099-442EA3153648}.Release|x86.ActiveCfg = Release|Any CPU
		{6A671E97-4DF8-4CDF-8099-442EA3153648}.Release|x86.Build.0 = Release|Any CPU
		{E5DE6C8D-9C13-4577-B2C2-6592D37BCD9F}.Debug|Any CPU.ActiveCfg = Debug|Any CPU
		{E5DE6C8D-9C13-4577-B2C2-6592D37BCD9F}.Debug|Any CPU.Build.0 = Debug|Any CPU
		{E5DE6C8D-9C13-4577-B2C2-6592D37BCD9F}.Debug|arm64.ActiveCfg = Debug|Any CPU
		{E5DE6C8D-9C13-4577-B2C2-6592D37BCD9F}.Debug|arm64.Build.0 = Debug|Any CPU
		{E5DE6C8D-9C13-4577-B2C2-6592D37BCD9F}.Debug|x64.ActiveCfg = Debug|Any CPU
		{E5DE6C8D-9C13-4577-B2C2-6592D37BCD9F}.Debug|x64.Build.0 = Debug|Any CPU
		{E5DE6C8D-9C13-4577-B2C2-6592D37BCD9F}.Debug|x86.ActiveCfg = Debug|Any CPU
		{E5DE6C8D-9C13-4577-B2C2-6592D37BCD9F}.Debug|x86.Build.0 = Debug|Any CPU
		{E5DE6C8D-9C13-4577-B2C2-6592D37BCD9F}.Release|Any CPU.ActiveCfg = Release|Any CPU
		{E5DE6C8D-9C13-4577-B2C2-6592D37BCD9F}.Release|Any CPU.Build.0 = Release|Any CPU
		{E5DE6C8D-9C13-4577-B2C2-6592D37BCD9F}.Release|arm64.ActiveCfg = Release|Any CPU
		{E5DE6C8D-9C13-4577-B2C2-6592D37BCD9F}.Release|arm64.Build.0 = Release|Any CPU
		{E5DE6C8D-9C13-4577-B2C2-6592D37BCD9F}.Release|x64.ActiveCfg = Release|Any CPU
		{E5DE6C8D-9C13-4577-B2C2-6592D37BCD9F}.Release|x64.Build.0 = Release|Any CPU
		{E5DE6C8D-9C13-4577-B2C2-6592D37BCD9F}.Release|x86.ActiveCfg = Release|Any CPU
		{E5DE6C8D-9C13-4577-B2C2-6592D37BCD9F}.Release|x86.Build.0 = Release|Any CPU
		{3BE2087A-AB63-41CF-A031-4856F695A5EC}.Debug|Any CPU.ActiveCfg = Debug|Any CPU
		{3BE2087A-AB63-41CF-A031-4856F695A5EC}.Debug|Any CPU.Build.0 = Debug|Any CPU
		{3BE2087A-AB63-41CF-A031-4856F695A5EC}.Debug|arm64.ActiveCfg = Debug|Any CPU
		{3BE2087A-AB63-41CF-A031-4856F695A5EC}.Debug|arm64.Build.0 = Debug|Any CPU
		{3BE2087A-AB63-41CF-A031-4856F695A5EC}.Debug|x64.ActiveCfg = Debug|Any CPU
		{3BE2087A-AB63-41CF-A031-4856F695A5EC}.Debug|x64.Build.0 = Debug|Any CPU
		{3BE2087A-AB63-41CF-A031-4856F695A5EC}.Debug|x86.ActiveCfg = Debug|Any CPU
		{3BE2087A-AB63-41CF-A031-4856F695A5EC}.Debug|x86.Build.0 = Debug|Any CPU
		{3BE2087A-AB63-41CF-A031-4856F695A5EC}.Release|Any CPU.ActiveCfg = Release|Any CPU
		{3BE2087A-AB63-41CF-A031-4856F695A5EC}.Release|Any CPU.Build.0 = Release|Any CPU
		{3BE2087A-AB63-41CF-A031-4856F695A5EC}.Release|arm64.ActiveCfg = Release|Any CPU
		{3BE2087A-AB63-41CF-A031-4856F695A5EC}.Release|arm64.Build.0 = Release|Any CPU
		{3BE2087A-AB63-41CF-A031-4856F695A5EC}.Release|x64.ActiveCfg = Release|Any CPU
		{3BE2087A-AB63-41CF-A031-4856F695A5EC}.Release|x64.Build.0 = Release|Any CPU
		{3BE2087A-AB63-41CF-A031-4856F695A5EC}.Release|x86.ActiveCfg = Release|Any CPU
		{3BE2087A-AB63-41CF-A031-4856F695A5EC}.Release|x86.Build.0 = Release|Any CPU
		{569EA812-525D-4FCE-8BC9-904F968F93E3}.Debug|Any CPU.ActiveCfg = Debug|Any CPU
		{569EA812-525D-4FCE-8BC9-904F968F93E3}.Debug|Any CPU.Build.0 = Debug|Any CPU
		{569EA812-525D-4FCE-8BC9-904F968F93E3}.Debug|arm64.ActiveCfg = Debug|Any CPU
		{569EA812-525D-4FCE-8BC9-904F968F93E3}.Debug|arm64.Build.0 = Debug|Any CPU
		{569EA812-525D-4FCE-8BC9-904F968F93E3}.Debug|x64.ActiveCfg = Debug|Any CPU
		{569EA812-525D-4FCE-8BC9-904F968F93E3}.Debug|x64.Build.0 = Debug|Any CPU
		{569EA812-525D-4FCE-8BC9-904F968F93E3}.Debug|x86.ActiveCfg = Debug|Any CPU
		{569EA812-525D-4FCE-8BC9-904F968F93E3}.Debug|x86.Build.0 = Debug|Any CPU
		{569EA812-525D-4FCE-8BC9-904F968F93E3}.Release|Any CPU.ActiveCfg = Release|Any CPU
		{569EA812-525D-4FCE-8BC9-904F968F93E3}.Release|Any CPU.Build.0 = Release|Any CPU
		{569EA812-525D-4FCE-8BC9-904F968F93E3}.Release|arm64.ActiveCfg = Release|Any CPU
		{569EA812-525D-4FCE-8BC9-904F968F93E3}.Release|arm64.Build.0 = Release|Any CPU
		{569EA812-525D-4FCE-8BC9-904F968F93E3}.Release|x64.ActiveCfg = Release|Any CPU
		{569EA812-525D-4FCE-8BC9-904F968F93E3}.Release|x64.Build.0 = Release|Any CPU
		{569EA812-525D-4FCE-8BC9-904F968F93E3}.Release|x86.ActiveCfg = Release|Any CPU
		{569EA812-525D-4FCE-8BC9-904F968F93E3}.Release|x86.Build.0 = Release|Any CPU
		{88471353-7A97-4C3A-8CD2-D13F2F0FA458}.Debug|Any CPU.ActiveCfg = Debug|Any CPU
		{88471353-7A97-4C3A-8CD2-D13F2F0FA458}.Debug|Any CPU.Build.0 = Debug|Any CPU
		{88471353-7A97-4C3A-8CD2-D13F2F0FA458}.Debug|arm64.ActiveCfg = Debug|Any CPU
		{88471353-7A97-4C3A-8CD2-D13F2F0FA458}.Debug|arm64.Build.0 = Debug|Any CPU
		{88471353-7A97-4C3A-8CD2-D13F2F0FA458}.Debug|x64.ActiveCfg = Debug|Any CPU
		{88471353-7A97-4C3A-8CD2-D13F2F0FA458}.Debug|x64.Build.0 = Debug|Any CPU
		{88471353-7A97-4C3A-8CD2-D13F2F0FA458}.Debug|x86.ActiveCfg = Debug|Any CPU
		{88471353-7A97-4C3A-8CD2-D13F2F0FA458}.Debug|x86.Build.0 = Debug|Any CPU
		{88471353-7A97-4C3A-8CD2-D13F2F0FA458}.Release|Any CPU.ActiveCfg = Release|Any CPU
		{88471353-7A97-4C3A-8CD2-D13F2F0FA458}.Release|Any CPU.Build.0 = Release|Any CPU
		{88471353-7A97-4C3A-8CD2-D13F2F0FA458}.Release|arm64.ActiveCfg = Release|Any CPU
		{88471353-7A97-4C3A-8CD2-D13F2F0FA458}.Release|arm64.Build.0 = Release|Any CPU
		{88471353-7A97-4C3A-8CD2-D13F2F0FA458}.Release|x64.ActiveCfg = Release|Any CPU
		{88471353-7A97-4C3A-8CD2-D13F2F0FA458}.Release|x64.Build.0 = Release|Any CPU
		{88471353-7A97-4C3A-8CD2-D13F2F0FA458}.Release|x86.ActiveCfg = Release|Any CPU
		{88471353-7A97-4C3A-8CD2-D13F2F0FA458}.Release|x86.Build.0 = Release|Any CPU
		{2E03EE11-49F6-410C-91D3-E81ACF750688}.Debug|Any CPU.ActiveCfg = Debug|Any CPU
		{2E03EE11-49F6-410C-91D3-E81ACF750688}.Debug|Any CPU.Build.0 = Debug|Any CPU
		{2E03EE11-49F6-410C-91D3-E81ACF750688}.Debug|arm64.ActiveCfg = Debug|Any CPU
		{2E03EE11-49F6-410C-91D3-E81ACF750688}.Debug|arm64.Build.0 = Debug|Any CPU
		{2E03EE11-49F6-410C-91D3-E81ACF750688}.Debug|x64.ActiveCfg = Debug|Any CPU
		{2E03EE11-49F6-410C-91D3-E81ACF750688}.Debug|x64.Build.0 = Debug|Any CPU
		{2E03EE11-49F6-410C-91D3-E81ACF750688}.Debug|x86.ActiveCfg = Debug|Any CPU
		{2E03EE11-49F6-410C-91D3-E81ACF750688}.Debug|x86.Build.0 = Debug|Any CPU
		{2E03EE11-49F6-410C-91D3-E81ACF750688}.Release|Any CPU.ActiveCfg = Release|Any CPU
		{2E03EE11-49F6-410C-91D3-E81ACF750688}.Release|Any CPU.Build.0 = Release|Any CPU
		{2E03EE11-49F6-410C-91D3-E81ACF750688}.Release|arm64.ActiveCfg = Release|Any CPU
		{2E03EE11-49F6-410C-91D3-E81ACF750688}.Release|arm64.Build.0 = Release|Any CPU
		{2E03EE11-49F6-410C-91D3-E81ACF750688}.Release|x64.ActiveCfg = Release|Any CPU
		{2E03EE11-49F6-410C-91D3-E81ACF750688}.Release|x64.Build.0 = Release|Any CPU
		{2E03EE11-49F6-410C-91D3-E81ACF750688}.Release|x86.ActiveCfg = Release|Any CPU
		{2E03EE11-49F6-410C-91D3-E81ACF750688}.Release|x86.Build.0 = Release|Any CPU
		{14FB4D6C-2A71-47DB-8C5C-9FFE23B953B8}.Debug|Any CPU.ActiveCfg = Debug|Any CPU
		{14FB4D6C-2A71-47DB-8C5C-9FFE23B953B8}.Debug|Any CPU.Build.0 = Debug|Any CPU
		{14FB4D6C-2A71-47DB-8C5C-9FFE23B953B8}.Debug|arm64.ActiveCfg = Debug|Any CPU
		{14FB4D6C-2A71-47DB-8C5C-9FFE23B953B8}.Debug|arm64.Build.0 = Debug|Any CPU
		{14FB4D6C-2A71-47DB-8C5C-9FFE23B953B8}.Debug|x64.ActiveCfg = Debug|Any CPU
		{14FB4D6C-2A71-47DB-8C5C-9FFE23B953B8}.Debug|x64.Build.0 = Debug|Any CPU
		{14FB4D6C-2A71-47DB-8C5C-9FFE23B953B8}.Debug|x86.ActiveCfg = Debug|Any CPU
		{14FB4D6C-2A71-47DB-8C5C-9FFE23B953B8}.Debug|x86.Build.0 = Debug|Any CPU
		{14FB4D6C-2A71-47DB-8C5C-9FFE23B953B8}.Release|Any CPU.ActiveCfg = Release|Any CPU
		{14FB4D6C-2A71-47DB-8C5C-9FFE23B953B8}.Release|Any CPU.Build.0 = Release|Any CPU
		{14FB4D6C-2A71-47DB-8C5C-9FFE23B953B8}.Release|arm64.ActiveCfg = Release|Any CPU
		{14FB4D6C-2A71-47DB-8C5C-9FFE23B953B8}.Release|arm64.Build.0 = Release|Any CPU
		{14FB4D6C-2A71-47DB-8C5C-9FFE23B953B8}.Release|x64.ActiveCfg = Release|Any CPU
		{14FB4D6C-2A71-47DB-8C5C-9FFE23B953B8}.Release|x64.Build.0 = Release|Any CPU
		{14FB4D6C-2A71-47DB-8C5C-9FFE23B953B8}.Release|x86.ActiveCfg = Release|Any CPU
		{14FB4D6C-2A71-47DB-8C5C-9FFE23B953B8}.Release|x86.Build.0 = Release|Any CPU
		{3E841DA7-D4C3-48E9-9549-1DFD7B2BBE5F}.Debug|Any CPU.ActiveCfg = Debug|Any CPU
		{3E841DA7-D4C3-48E9-9549-1DFD7B2BBE5F}.Debug|Any CPU.Build.0 = Debug|Any CPU
		{3E841DA7-D4C3-48E9-9549-1DFD7B2BBE5F}.Debug|arm64.ActiveCfg = Debug|Any CPU
		{3E841DA7-D4C3-48E9-9549-1DFD7B2BBE5F}.Debug|arm64.Build.0 = Debug|Any CPU
		{3E841DA7-D4C3-48E9-9549-1DFD7B2BBE5F}.Debug|x64.ActiveCfg = Debug|Any CPU
		{3E841DA7-D4C3-48E9-9549-1DFD7B2BBE5F}.Debug|x64.Build.0 = Debug|Any CPU
		{3E841DA7-D4C3-48E9-9549-1DFD7B2BBE5F}.Debug|x86.ActiveCfg = Debug|Any CPU
		{3E841DA7-D4C3-48E9-9549-1DFD7B2BBE5F}.Debug|x86.Build.0 = Debug|Any CPU
		{3E841DA7-D4C3-48E9-9549-1DFD7B2BBE5F}.Release|Any CPU.ActiveCfg = Release|Any CPU
		{3E841DA7-D4C3-48E9-9549-1DFD7B2BBE5F}.Release|Any CPU.Build.0 = Release|Any CPU
		{3E841DA7-D4C3-48E9-9549-1DFD7B2BBE5F}.Release|arm64.ActiveCfg = Release|Any CPU
		{3E841DA7-D4C3-48E9-9549-1DFD7B2BBE5F}.Release|arm64.Build.0 = Release|Any CPU
		{3E841DA7-D4C3-48E9-9549-1DFD7B2BBE5F}.Release|x64.ActiveCfg = Release|Any CPU
		{3E841DA7-D4C3-48E9-9549-1DFD7B2BBE5F}.Release|x64.Build.0 = Release|Any CPU
		{3E841DA7-D4C3-48E9-9549-1DFD7B2BBE5F}.Release|x86.ActiveCfg = Release|Any CPU
		{3E841DA7-D4C3-48E9-9549-1DFD7B2BBE5F}.Release|x86.Build.0 = Release|Any CPU
		{5DF9C66D-0DD7-424D-8127-BB22208E01C4}.Debug|Any CPU.ActiveCfg = Debug|Any CPU
		{5DF9C66D-0DD7-424D-8127-BB22208E01C4}.Debug|Any CPU.Build.0 = Debug|Any CPU
		{5DF9C66D-0DD7-424D-8127-BB22208E01C4}.Debug|arm64.ActiveCfg = Debug|Any CPU
		{5DF9C66D-0DD7-424D-8127-BB22208E01C4}.Debug|arm64.Build.0 = Debug|Any CPU
		{5DF9C66D-0DD7-424D-8127-BB22208E01C4}.Debug|x64.ActiveCfg = Debug|Any CPU
		{5DF9C66D-0DD7-424D-8127-BB22208E01C4}.Debug|x64.Build.0 = Debug|Any CPU
		{5DF9C66D-0DD7-424D-8127-BB22208E01C4}.Debug|x86.ActiveCfg = Debug|Any CPU
		{5DF9C66D-0DD7-424D-8127-BB22208E01C4}.Debug|x86.Build.0 = Debug|Any CPU
		{5DF9C66D-0DD7-424D-8127-BB22208E01C4}.Release|Any CPU.ActiveCfg = Release|Any CPU
		{5DF9C66D-0DD7-424D-8127-BB22208E01C4}.Release|Any CPU.Build.0 = Release|Any CPU
		{5DF9C66D-0DD7-424D-8127-BB22208E01C4}.Release|arm64.ActiveCfg = Release|Any CPU
		{5DF9C66D-0DD7-424D-8127-BB22208E01C4}.Release|arm64.Build.0 = Release|Any CPU
		{5DF9C66D-0DD7-424D-8127-BB22208E01C4}.Release|x64.ActiveCfg = Release|Any CPU
		{5DF9C66D-0DD7-424D-8127-BB22208E01C4}.Release|x64.Build.0 = Release|Any CPU
		{5DF9C66D-0DD7-424D-8127-BB22208E01C4}.Release|x86.ActiveCfg = Release|Any CPU
		{5DF9C66D-0DD7-424D-8127-BB22208E01C4}.Release|x86.Build.0 = Release|Any CPU
		{9868EBF4-451B-48D3-80CF-79CCEFD61109}.Debug|Any CPU.ActiveCfg = Debug|Any CPU
		{9868EBF4-451B-48D3-80CF-79CCEFD61109}.Debug|Any CPU.Build.0 = Debug|Any CPU
		{9868EBF4-451B-48D3-80CF-79CCEFD61109}.Debug|arm64.ActiveCfg = Debug|Any CPU
		{9868EBF4-451B-48D3-80CF-79CCEFD61109}.Debug|arm64.Build.0 = Debug|Any CPU
		{9868EBF4-451B-48D3-80CF-79CCEFD61109}.Debug|x64.ActiveCfg = Debug|Any CPU
		{9868EBF4-451B-48D3-80CF-79CCEFD61109}.Debug|x64.Build.0 = Debug|Any CPU
		{9868EBF4-451B-48D3-80CF-79CCEFD61109}.Debug|x86.ActiveCfg = Debug|Any CPU
		{9868EBF4-451B-48D3-80CF-79CCEFD61109}.Debug|x86.Build.0 = Debug|Any CPU
		{9868EBF4-451B-48D3-80CF-79CCEFD61109}.Release|Any CPU.ActiveCfg = Release|Any CPU
		{9868EBF4-451B-48D3-80CF-79CCEFD61109}.Release|Any CPU.Build.0 = Release|Any CPU
		{9868EBF4-451B-48D3-80CF-79CCEFD61109}.Release|arm64.ActiveCfg = Release|Any CPU
		{9868EBF4-451B-48D3-80CF-79CCEFD61109}.Release|arm64.Build.0 = Release|Any CPU
		{9868EBF4-451B-48D3-80CF-79CCEFD61109}.Release|x64.ActiveCfg = Release|Any CPU
		{9868EBF4-451B-48D3-80CF-79CCEFD61109}.Release|x64.Build.0 = Release|Any CPU
		{9868EBF4-451B-48D3-80CF-79CCEFD61109}.Release|x86.ActiveCfg = Release|Any CPU
		{9868EBF4-451B-48D3-80CF-79CCEFD61109}.Release|x86.Build.0 = Release|Any CPU
		{7929AB36-2093-4621-ADE8-C52592A1AD29}.Debug|Any CPU.ActiveCfg = Debug|Any CPU
		{7929AB36-2093-4621-ADE8-C52592A1AD29}.Debug|Any CPU.Build.0 = Debug|Any CPU
		{7929AB36-2093-4621-ADE8-C52592A1AD29}.Debug|arm64.ActiveCfg = Debug|Any CPU
		{7929AB36-2093-4621-ADE8-C52592A1AD29}.Debug|arm64.Build.0 = Debug|Any CPU
		{7929AB36-2093-4621-ADE8-C52592A1AD29}.Debug|x64.ActiveCfg = Debug|Any CPU
		{7929AB36-2093-4621-ADE8-C52592A1AD29}.Debug|x64.Build.0 = Debug|Any CPU
		{7929AB36-2093-4621-ADE8-C52592A1AD29}.Debug|x86.ActiveCfg = Debug|Any CPU
		{7929AB36-2093-4621-ADE8-C52592A1AD29}.Debug|x86.Build.0 = Debug|Any CPU
		{7929AB36-2093-4621-ADE8-C52592A1AD29}.Release|Any CPU.ActiveCfg = Release|Any CPU
		{7929AB36-2093-4621-ADE8-C52592A1AD29}.Release|Any CPU.Build.0 = Release|Any CPU
		{7929AB36-2093-4621-ADE8-C52592A1AD29}.Release|arm64.ActiveCfg = Release|Any CPU
		{7929AB36-2093-4621-ADE8-C52592A1AD29}.Release|arm64.Build.0 = Release|Any CPU
		{7929AB36-2093-4621-ADE8-C52592A1AD29}.Release|x64.ActiveCfg = Release|Any CPU
		{7929AB36-2093-4621-ADE8-C52592A1AD29}.Release|x64.Build.0 = Release|Any CPU
		{7929AB36-2093-4621-ADE8-C52592A1AD29}.Release|x86.ActiveCfg = Release|Any CPU
		{7929AB36-2093-4621-ADE8-C52592A1AD29}.Release|x86.Build.0 = Release|Any CPU
		{CFB2B997-F858-411C-9C2F-85DD0F74331A}.Debug|Any CPU.ActiveCfg = Debug|Any CPU
		{CFB2B997-F858-411C-9C2F-85DD0F74331A}.Debug|Any CPU.Build.0 = Debug|Any CPU
		{CFB2B997-F858-411C-9C2F-85DD0F74331A}.Debug|arm64.ActiveCfg = Debug|Any CPU
		{CFB2B997-F858-411C-9C2F-85DD0F74331A}.Debug|arm64.Build.0 = Debug|Any CPU
		{CFB2B997-F858-411C-9C2F-85DD0F74331A}.Debug|x64.ActiveCfg = Debug|Any CPU
		{CFB2B997-F858-411C-9C2F-85DD0F74331A}.Debug|x64.Build.0 = Debug|Any CPU
		{CFB2B997-F858-411C-9C2F-85DD0F74331A}.Debug|x86.ActiveCfg = Debug|Any CPU
		{CFB2B997-F858-411C-9C2F-85DD0F74331A}.Debug|x86.Build.0 = Debug|Any CPU
		{CFB2B997-F858-411C-9C2F-85DD0F74331A}.Release|Any CPU.ActiveCfg = Release|Any CPU
		{CFB2B997-F858-411C-9C2F-85DD0F74331A}.Release|Any CPU.Build.0 = Release|Any CPU
		{CFB2B997-F858-411C-9C2F-85DD0F74331A}.Release|arm64.ActiveCfg = Release|Any CPU
		{CFB2B997-F858-411C-9C2F-85DD0F74331A}.Release|arm64.Build.0 = Release|Any CPU
		{CFB2B997-F858-411C-9C2F-85DD0F74331A}.Release|x64.ActiveCfg = Release|Any CPU
		{CFB2B997-F858-411C-9C2F-85DD0F74331A}.Release|x64.Build.0 = Release|Any CPU
		{CFB2B997-F858-411C-9C2F-85DD0F74331A}.Release|x86.ActiveCfg = Release|Any CPU
		{CFB2B997-F858-411C-9C2F-85DD0F74331A}.Release|x86.Build.0 = Release|Any CPU
		{AD5EE3D5-3947-4902-ABF8-F79A548934CA}.Debug|Any CPU.ActiveCfg = Debug|Any CPU
		{AD5EE3D5-3947-4902-ABF8-F79A548934CA}.Debug|Any CPU.Build.0 = Debug|Any CPU
		{AD5EE3D5-3947-4902-ABF8-F79A548934CA}.Debug|arm64.ActiveCfg = Debug|Any CPU
		{AD5EE3D5-3947-4902-ABF8-F79A548934CA}.Debug|arm64.Build.0 = Debug|Any CPU
		{AD5EE3D5-3947-4902-ABF8-F79A548934CA}.Debug|x64.ActiveCfg = Debug|Any CPU
		{AD5EE3D5-3947-4902-ABF8-F79A548934CA}.Debug|x64.Build.0 = Debug|Any CPU
		{AD5EE3D5-3947-4902-ABF8-F79A548934CA}.Debug|x86.ActiveCfg = Debug|Any CPU
		{AD5EE3D5-3947-4902-ABF8-F79A548934CA}.Debug|x86.Build.0 = Debug|Any CPU
		{AD5EE3D5-3947-4902-ABF8-F79A548934CA}.Release|Any CPU.ActiveCfg = Release|Any CPU
		{AD5EE3D5-3947-4902-ABF8-F79A548934CA}.Release|Any CPU.Build.0 = Release|Any CPU
		{AD5EE3D5-3947-4902-ABF8-F79A548934CA}.Release|arm64.ActiveCfg = Release|Any CPU
		{AD5EE3D5-3947-4902-ABF8-F79A548934CA}.Release|arm64.Build.0 = Release|Any CPU
		{AD5EE3D5-3947-4902-ABF8-F79A548934CA}.Release|x64.ActiveCfg = Release|Any CPU
		{AD5EE3D5-3947-4902-ABF8-F79A548934CA}.Release|x64.Build.0 = Release|Any CPU
		{AD5EE3D5-3947-4902-ABF8-F79A548934CA}.Release|x86.ActiveCfg = Release|Any CPU
		{AD5EE3D5-3947-4902-ABF8-F79A548934CA}.Release|x86.Build.0 = Release|Any CPU
		{6197BC21-EFA4-477D-88FF-97606382B8C6}.Debug|Any CPU.ActiveCfg = Debug
		{6197BC21-EFA4-477D-88FF-97606382B8C6}.Debug|arm64.ActiveCfg = Debug
		{6197BC21-EFA4-477D-88FF-97606382B8C6}.Debug|x64.ActiveCfg = Debug
		{6197BC21-EFA4-477D-88FF-97606382B8C6}.Debug|x86.ActiveCfg = Debug
		{6197BC21-EFA4-477D-88FF-97606382B8C6}.Release|Any CPU.ActiveCfg = Release
		{6197BC21-EFA4-477D-88FF-97606382B8C6}.Release|arm64.ActiveCfg = Release
		{6197BC21-EFA4-477D-88FF-97606382B8C6}.Release|x64.ActiveCfg = Release
		{6197BC21-EFA4-477D-88FF-97606382B8C6}.Release|x86.ActiveCfg = Release
	EndGlobalSection
	GlobalSection(SolutionProperties) = preSolution
		HideSolutionNode = FALSE
	EndGlobalSection
	GlobalSection(NestedProjects) = preSolution
		{426F7BCF-4725-465D-A958-954081B494F6} = {FB5BB6A2-FFF6-4343-80B5-76F71B835BDF}
		{753CBE4B-FAC5-4289-8C92-1ECF10CD2075} = {FB5BB6A2-FFF6-4343-80B5-76F71B835BDF}
		{63D18968-6876-40ED-8250-6A080BE2DE4D} = {6A6A8C26-11FE-4F40-B401-F95C7A672F4D}
		{01EE3418-09AB-48B4-8F55-A28EEEFB389D} = {6A6A8C26-11FE-4F40-B401-F95C7A672F4D}
		{090F226A-A2CE-4703-8EBA-20F8AE9FCB4C} = {6A6A8C26-11FE-4F40-B401-F95C7A672F4D}
		{BD6BC365-19A8-4E53-B65F-1E20DDD0695D} = {6A6A8C26-11FE-4F40-B401-F95C7A672F4D}
		{8F3DFA68-B0F2-4C39-991E-A62D7C7414B0} = {6A6A8C26-11FE-4F40-B401-F95C7A672F4D}
		{09CC316A-BE53-4ED3-A10D-F104FB40E047} = {6A6A8C26-11FE-4F40-B401-F95C7A672F4D}
		{EE91A085-F4BA-4E90-A174-D34709A0290D} = {6A6A8C26-11FE-4F40-B401-F95C7A672F4D}
		{794C6D6A-0F4C-40D1-95C3-CEF2447E1AB8} = {6A6A8C26-11FE-4F40-B401-F95C7A672F4D}
		{22815C3F-37B2-4F41-9CE5-154661566D8D} = {6A6A8C26-11FE-4F40-B401-F95C7A672F4D}
		{202EACBE-05CA-4B9A-980B-A52F3DF30164} = {6A6A8C26-11FE-4F40-B401-F95C7A672F4D}
		{762453E0-5A85-417D-A8BC-63E248017819} = {6A6A8C26-11FE-4F40-B401-F95C7A672F4D}
		{CC6DA776-A3A2-46A6-BE1D-FF978C9D6D81} = {6A6A8C26-11FE-4F40-B401-F95C7A672F4D}
		{1C714D03-7B9D-4FB8-82FE-D322A0F7AD50} = {6A6A8C26-11FE-4F40-B401-F95C7A672F4D}
		{55A6D622-5E87-45DB-808A-3830BE2779C4} = {6A6A8C26-11FE-4F40-B401-F95C7A672F4D}
		{DF76C04E-64F1-4CA1-BD3F-14E48F456805} = {6A6A8C26-11FE-4F40-B401-F95C7A672F4D}
		{C99D7CB6-1AAA-444B-A1B4-5DC00CA33F40} = {6A6A8C26-11FE-4F40-B401-F95C7A672F4D}
		{628612A9-3A64-4A7C-BF77-2100669BC33A} = {CD87E6B1-0CA9-419C-9366-CD38BA5A615F}
		{6A671E97-4DF8-4CDF-8099-442EA3153648} = {CD87E6B1-0CA9-419C-9366-CD38BA5A615F}
		{CD87E6B1-0CA9-419C-9366-CD38BA5A615F} = {6A6A8C26-11FE-4F40-B401-F95C7A672F4D}
		{E5DE6C8D-9C13-4577-B2C2-6592D37BCD9F} = {6A6A8C26-11FE-4F40-B401-F95C7A672F4D}
		{3BE2087A-AB63-41CF-A031-4856F695A5EC} = {6A6A8C26-11FE-4F40-B401-F95C7A672F4D}
		{569EA812-525D-4FCE-8BC9-904F968F93E3} = {6A6A8C26-11FE-4F40-B401-F95C7A672F4D}
		{88471353-7A97-4C3A-8CD2-D13F2F0FA458} = {6A6A8C26-11FE-4F40-B401-F95C7A672F4D}
		{9868EBF4-451B-48D3-80CF-79CCEFD61109} = {FB5BB6A2-FFF6-4343-80B5-76F71B835BDF}
		{7929AB36-2093-4621-ADE8-C52592A1AD29} = {FB5BB6A2-FFF6-4343-80B5-76F71B835BDF}
		{CFB2B997-F858-411C-9C2F-85DD0F74331A} = {FB5BB6A2-FFF6-4343-80B5-76F71B835BDF}
	EndGlobalSection
	GlobalSection(ExtensibilityGlobals) = postSolution
		SolutionGuid = {597DC6F9-2ECC-4F79-BDFB-086320E2CF0F}
	EndGlobalSection
EndGlobal
