Microsoft Visual Studio Solution File, Format Version 12.00
# Visual Studio Version 17
VisualStudioVersion = 17.0.32112.339
MinimumVisualStudioVersion = 10.0.40219.1
Project("{9A19103F-16F7-4668-BE54-9A1E7A4F7556}") = "NextGenSoftware.Holochain.HoloNET.Client", "NextGenSoftware.Holochain.HoloNET.Client.Core\NextGenSoftware.Holochain.HoloNET.Client.csproj", "{6F3C884A-8FB0-49F8-8BC0-C84A09E2EE2F}"
EndProject
Project("{9A19103F-16F7-4668-BE54-9A1E7A4F7556}") = "NextGenSoftware.Holochain.HoloNET.Client.TestHarness", "NextGenSoftware.Holochain.HoloNET.Client.TestHarness\NextGenSoftware.Holochain.HoloNET.Client.TestHarness.csproj", "{BD7ED37D-38B0-4EB9-AA71-C8733CCFE215}"
EndProject
Project("{9A19103F-16F7-4668-BE54-9A1E7A4F7556}") = "NextGenSoftware.WebSocket", "..\NextGenSoftware-Libraries\NextGenSoftware Libraries\NextGenSoftware.WebSocket\NextGenSoftware.WebSocket.csproj", "{4B8D6D65-0AC8-4884-9679-F884BA2229A6}"
EndProject
Project("{9A19103F-16F7-4668-BE54-9A1E7A4F7556}") = "NextGenSoftware.Logging", "..\NextGenSoftware-Libraries\NextGenSoftware Libraries\NextGenSoftware.Logging\NextGenSoftware.Logging.csproj", "{6D22F91A-6180-46B1-90DB-DDD5AE60F6FD}"
EndProject
Project("{9A19103F-16F7-4668-BE54-9A1E7A4F7556}") = "NextGenSoftware.Utilities", "..\NextGenSoftware-Libraries\NextGenSoftware Libraries\NextGenSoftware.Utilities\NextGenSoftware.Utilities.csproj", "{43517E31-A3F0-4BAB-80F2-C2BF35B7475C}"
EndProject
Project("{9A19103F-16F7-4668-BE54-9A1E7A4F7556}") = "NextGenSoftware.CLI.Engine", "..\NextGenSoftware-Libraries\NextGenSoftware Libraries\NextGenSoftware.CLI.Engine\NextGenSoftware.CLI.Engine.csproj", "{426F7BCF-4725-465D-A958-954081B494F6}"
EndProject
Project("{9A19103F-16F7-4668-BE54-9A1E7A4F7556}") = "NextGenSoftware.Logging.NLog", "..\NextGenSoftware-Libraries\NextGenSoftware Libraries\NextGenSoftware.Logging.NLog\NextGenSoftware.Logging.NLog.csproj", "{753CBE4B-FAC5-4289-8C92-1ECF10CD2075}"
EndProject
Project("{FAE04EC0-301F-11D3-BF4B-00C04F79EFBC}") = "Chaos.NaCl", "Chaos.NaCl\Chaos.NaCl.csproj", "{AE28FD14-7985-4707-A963-C94B8597AE50}"
EndProject
Global
	GlobalSection(SolutionConfigurationPlatforms) = preSolution
		Debug|Any CPU = Debug|Any CPU
		Release|Any CPU = Release|Any CPU
	EndGlobalSection
	GlobalSection(ProjectConfigurationPlatforms) = postSolution
		{6F3C884A-8FB0-49F8-8BC0-C84A09E2EE2F}.Debug|Any CPU.ActiveCfg = Debug|Any CPU
		{6F3C884A-8FB0-49F8-8BC0-C84A09E2EE2F}.Debug|Any CPU.Build.0 = Debug|Any CPU
		{6F3C884A-8FB0-49F8-8BC0-C84A09E2EE2F}.Release|Any CPU.ActiveCfg = Release|Any CPU
		{6F3C884A-8FB0-49F8-8BC0-C84A09E2EE2F}.Release|Any CPU.Build.0 = Release|Any CPU
		{BD7ED37D-38B0-4EB9-AA71-C8733CCFE215}.Debug|Any CPU.ActiveCfg = Debug|Any CPU
		{BD7ED37D-38B0-4EB9-AA71-C8733CCFE215}.Debug|Any CPU.Build.0 = Debug|Any CPU
		{BD7ED37D-38B0-4EB9-AA71-C8733CCFE215}.Release|Any CPU.ActiveCfg = Release|Any CPU
		{BD7ED37D-38B0-4EB9-AA71-C8733CCFE215}.Release|Any CPU.Build.0 = Release|Any CPU
		{4B8D6D65-0AC8-4884-9679-F884BA2229A6}.Debug|Any CPU.ActiveCfg = Debug|Any CPU
		{4B8D6D65-0AC8-4884-9679-F884BA2229A6}.Debug|Any CPU.Build.0 = Debug|Any CPU
		{4B8D6D65-0AC8-4884-9679-F884BA2229A6}.Release|Any CPU.ActiveCfg = Release|Any CPU
		{4B8D6D65-0AC8-4884-9679-F884BA2229A6}.Release|Any CPU.Build.0 = Release|Any CPU
		{6D22F91A-6180-46B1-90DB-DDD5AE60F6FD}.Debug|Any CPU.ActiveCfg = Debug|Any CPU
		{6D22F91A-6180-46B1-90DB-DDD5AE60F6FD}.Debug|Any CPU.Build.0 = Debug|Any CPU
		{6D22F91A-6180-46B1-90DB-DDD5AE60F6FD}.Release|Any CPU.ActiveCfg = Release|Any CPU
		{6D22F91A-6180-46B1-90DB-DDD5AE60F6FD}.Release|Any CPU.Build.0 = Release|Any CPU
		{43517E31-A3F0-4BAB-80F2-C2BF35B7475C}.Debug|Any CPU.ActiveCfg = Debug|Any CPU
		{43517E31-A3F0-4BAB-80F2-C2BF35B7475C}.Debug|Any CPU.Build.0 = Debug|Any CPU
		{43517E31-A3F0-4BAB-80F2-C2BF35B7475C}.Release|Any CPU.ActiveCfg = Release|Any CPU
		{43517E31-A3F0-4BAB-80F2-C2BF35B7475C}.Release|Any CPU.Build.0 = Release|Any CPU
		{426F7BCF-4725-465D-A958-954081B494F6}.Debug|Any CPU.ActiveCfg = Debug|Any CPU
		{426F7BCF-4725-465D-A958-954081B494F6}.Debug|Any CPU.Build.0 = Debug|Any CPU
		{426F7BCF-4725-465D-A958-954081B494F6}.Release|Any CPU.ActiveCfg = Release|Any CPU
		{426F7BCF-4725-465D-A958-954081B494F6}.Release|Any CPU.Build.0 = Release|Any CPU
		{753CBE4B-FAC5-4289-8C92-1ECF10CD2075}.Debug|Any CPU.ActiveCfg = Debug|Any CPU
		{753CBE4B-FAC5-4289-8C92-1ECF10CD2075}.Debug|Any CPU.Build.0 = Debug|Any CPU
		{753CBE4B-FAC5-4289-8C92-1ECF10CD2075}.Release|Any CPU.ActiveCfg = Release|Any CPU
		{753CBE4B-FAC5-4289-8C92-1ECF10CD2075}.Release|Any CPU.Build.0 = Release|Any CPU
		{AE28FD14-7985-4707-A963-C94B8597AE50}.Debug|Any CPU.ActiveCfg = Debug|Any CPU
		{AE28FD14-7985-4707-A963-C94B8597AE50}.Debug|Any CPU.Build.0 = Debug|Any CPU
		{AE28FD14-7985-4707-A963-C94B8597AE50}.Release|Any CPU.ActiveCfg = Release|Any CPU
		{AE28FD14-7985-4707-A963-C94B8597AE50}.Release|Any CPU.Build.0 = Release|Any CPU
	EndGlobalSection
	GlobalSection(SolutionProperties) = preSolution
		HideSolutionNode = FALSE
	EndGlobalSection
	GlobalSection(ExtensibilityGlobals) = postSolution
		SolutionGuid = {597DC6F9-2ECC-4F79-BDFB-086320E2CF0F}
	EndGlobalSection
EndGlobal
